<Project xmlns="http://schemas.microsoft.com/developer/msbuild/2003">
    <PropertyGroup>
        <ProjectGuid>{6341BE86-3998-4B71-9339-B0EF9800E96C}</ProjectGuid>
        <MainSource>MatorSmash.dpr</MainSource>
        <Base>True</Base>
        <Config Condition="'$(Config)'==''">Debug</Config>
        <TargetedPlatforms>1153</TargetedPlatforms>
        <AppType>Application</AppType>
        <FrameworkType>VCL</FrameworkType>
        <ProjectVersion>18.2</ProjectVersion>
        <Platform Condition="'$(Platform)'==''">Win32</Platform>
    </PropertyGroup>
    <PropertyGroup Condition="'$(Config)'=='Base' or '$(Base)'!=''">
        <Base>true</Base>
    </PropertyGroup>
    <PropertyGroup Condition="('$(Platform)'=='Win32' and '$(Base)'=='true') or '$(Base_Win32)'!=''">
        <Base_Win32>true</Base_Win32>
        <CfgParent>Base</CfgParent>
        <Base>true</Base>
    </PropertyGroup>
    <PropertyGroup Condition="('$(Platform)'=='Win64' and '$(Base)'=='true') or '$(Base_Win64)'!=''">
        <Base_Win64>true</Base_Win64>
        <CfgParent>Base</CfgParent>
        <Base>true</Base>
    </PropertyGroup>
    <PropertyGroup Condition="'$(Config)'=='Release' or '$(Cfg_1)'!=''">
        <Cfg_1>true</Cfg_1>
        <CfgParent>Base</CfgParent>
        <Base>true</Base>
    </PropertyGroup>
    <PropertyGroup Condition="('$(Platform)'=='Win32' and '$(Cfg_1)'=='true') or '$(Cfg_1_Win32)'!=''">
        <Cfg_1_Win32>true</Cfg_1_Win32>
        <CfgParent>Cfg_1</CfgParent>
        <Cfg_1>true</Cfg_1>
        <Base>true</Base>
    </PropertyGroup>
    <PropertyGroup Condition="'$(Config)'=='Debug' or '$(Cfg_2)'!=''">
        <Cfg_2>true</Cfg_2>
        <CfgParent>Base</CfgParent>
        <Base>true</Base>
    </PropertyGroup>
    <PropertyGroup Condition="('$(Platform)'=='iOSDevice64' and '$(Cfg_2)'=='true') or '$(Cfg_2_iOSDevice64)'!=''">
        <Cfg_2_iOSDevice64>true</Cfg_2_iOSDevice64>
        <CfgParent>Cfg_2</CfgParent>
        <Cfg_2>true</Cfg_2>
        <Base>true</Base>
    </PropertyGroup>
    <PropertyGroup Condition="('$(Platform)'=='Win32' and '$(Cfg_2)'=='true') or '$(Cfg_2_Win32)'!=''">
        <Cfg_2_Win32>true</Cfg_2_Win32>
        <CfgParent>Cfg_2</CfgParent>
        <Cfg_2>true</Cfg_2>
        <Base>true</Base>
    </PropertyGroup>
    <PropertyGroup Condition="'$(Base)'!=''">
        <DCC_E>false</DCC_E>
        <DCC_F>false</DCC_F>
        <DCC_K>false</DCC_K>
        <DCC_N>false</DCC_N>
        <DCC_S>false</DCC_S>
        <DCC_ImageBase>00400000</DCC_ImageBase>
        <SanitizedProjectName>MatorSmash</SanitizedProjectName>
        <DCC_Namespace>Vcl;Vcl.Imaging;Vcl.Touch;Vcl.Samples;Vcl.Shell;System;Xml;Data;Datasnap;Web;Soap;Winapi;System.Win;$(DCC_Namespace)</DCC_Namespace>
        <VerInfo_Locale>1033</VerInfo_Locale>
        <VerInfo_Keys>CompanyName=;FileDescription=;FileVersion=1.0.0.0;InternalName=;LegalCopyright=;LegalTrademarks=;OriginalFilename=;ProductName=;ProductVersion=1.0.0.0;Comments=;CFBundleName=</VerInfo_Keys>
    </PropertyGroup>
    <PropertyGroup Condition="'$(Base_Win32)'!=''">
        <DCC_Namespace>Winapi;System.Win;Data.Win;Datasnap.Win;Web.Win;Soap.Win;Xml.Win;Bde;$(DCC_Namespace)</DCC_Namespace>
        <BT_BuildType>Debug</BT_BuildType>
        <VerInfo_IncludeVerInfo>true</VerInfo_IncludeVerInfo>
        <VerInfo_Keys>CompanyName=;FileDescription=$(MSBuildProjectName);FileVersion=1.0.0.0;InternalName=;LegalCopyright=;LegalTrademarks=;OriginalFilename=;ProductName=$(MSBuildProjectName);ProductVersion=1.0.0.0;Comments=;ProgramID=com.embarcadero.$(MSBuildProjectName)</VerInfo_Keys>
        <Manifest_File>$(BDS)\bin\default_app.manifest</Manifest_File>
        <AppEnableRuntimeThemes>true</AppEnableRuntimeThemes>
        <UWP_DelphiLogo44>$(BDS)\bin\Artwork\Windows\UWP\delphi_UwpDefault_44.png</UWP_DelphiLogo44>
        <UWP_DelphiLogo150>$(BDS)\bin\Artwork\Windows\UWP\delphi_UwpDefault_150.png</UWP_DelphiLogo150>
        <BRCC_IncludePath>../lib/mte;../lib/superobject;../lib/Imaging;../lib/xedit;../lib/xedit/lz4;../lib/xedit/zlib;$(BRCC_IncludePath)</BRCC_IncludePath>
        <Icon_MainIcon>Resources\smash-icon.ico</Icon_MainIcon>
        <AppExecutionLevel>requireAdministrator</AppExecutionLevel>
        <DCC_UnitSearchPath>..\lib\Imaging;..\lib\mte;..\lib\superobject;..\lib\xedit;..\lib\xedit\lz4;..\lib\xedit\zlib;..\lib\Imaging\ZLib;$(DCC_UnitSearchPath)</DCC_UnitSearchPath>
    </PropertyGroup>
    <PropertyGroup Condition="'$(Base_Win64)'!=''">
        <UWP_DelphiLogo44>$(BDS)\bin\Artwork\Windows\UWP\delphi_UwpDefault_44.png</UWP_DelphiLogo44>
        <UWP_DelphiLogo150>$(BDS)\bin\Artwork\Windows\UWP\delphi_UwpDefault_150.png</UWP_DelphiLogo150>
    </PropertyGroup>
    <PropertyGroup Condition="'$(Cfg_1)'!=''">
        <DCC_Define>RELEASE;$(DCC_Define)</DCC_Define>
        <DCC_DebugInformation>0</DCC_DebugInformation>
        <DCC_LocalDebugSymbols>false</DCC_LocalDebugSymbols>
        <DCC_SymbolReferenceInfo>0</DCC_SymbolReferenceInfo>
    </PropertyGroup>
    <PropertyGroup Condition="'$(Cfg_1_Win32)'!=''">
        <AppEnableRuntimeThemes>true</AppEnableRuntimeThemes>
        <AppEnableHighDPI>true</AppEnableHighDPI>
    </PropertyGroup>
    <PropertyGroup Condition="'$(Cfg_2)'!=''">
        <DCC_Define>DEBUG;$(DCC_Define)</DCC_Define>
        <DCC_Optimize>false</DCC_Optimize>
        <DCC_GenerateStackFrames>true</DCC_GenerateStackFrames>
    </PropertyGroup>
    <PropertyGroup Condition="'$(Cfg_2_iOSDevice64)'!=''">
        <BT_BuildType>Debug</BT_BuildType>
    </PropertyGroup>
    <PropertyGroup Condition="'$(Cfg_2_Win32)'!=''">
        <AppEnableRuntimeThemes>true</AppEnableRuntimeThemes>
        <AppEnableHighDPI>true</AppEnableHighDPI>
        <ILINK_MapFileType>DetailedSegments</ILINK_MapFileType>
        <DCC_MapFile>3</DCC_MapFile>
        <VerInfo_IncludeVerInfo>true</VerInfo_IncludeVerInfo>
        <VerInfo_Keys>CompanyName=;FileDescription=$(MSBuildProjectName);FileVersion=1.0.0.0;InternalName=;LegalCopyright=;LegalTrademarks=;OriginalFilename=;ProductName=$(MSBuildProjectName);ProductVersion=1.0.0.0;Comments=;ProgramID=com.embarcadero.$(MSBuildProjectName)</VerInfo_Keys>
    </PropertyGroup>
    <ItemGroup>
        <DelphiCompile Include="$(MainSource)">
            <MainSource>MainSource</MainSource>
        </DelphiCompile>
        <RcCompile Include="smash.rc">
            <Form>smash.res</Form>
        </RcCompile>
        <DCCReference Include="..\lib\mte\CRC32.pas"/>
        <DCCReference Include="..\lib\mte\mteBase.pas"/>
        <DCCReference Include="..\lib\mte\mteChangeLogForm.pas"/>
        <DCCReference Include="..\lib\mte\mteHelpers.pas"/>
        <DCCReference Include="..\lib\mte\mteLogger.pas"/>
        <DCCReference Include="..\lib\mte\mteLogging.pas"/>
        <DCCReference Include="..\lib\mte\mtePluginSelectionForm.pas"/>
        <DCCReference Include="..\lib\mte\mteProgressForm.pas"/>
        <DCCReference Include="..\lib\mte\mteTaskHandler.pas"/>
        <DCCReference Include="..\lib\mte\RttiIni.pas"/>
        <DCCReference Include="..\lib\mte\RttiJson.pas"/>
        <DCCReference Include="..\lib\mte\RttiTranslation.pas"/>
        <DCCReference Include="..\lib\mte\W7Taskbar.pas"/>
        <DCCReference Include="..\lib\xedit\wbBSA.pas"/>
        <DCCReference Include="..\lib\xedit\wbDefinitionsFNV.pas"/>
        <DCCReference Include="..\lib\xedit\wbDefinitionsFO3.pas"/>
        <DCCReference Include="..\lib\xedit\wbDefinitionsFO4.pas"/>
        <DCCReference Include="..\lib\xedit\wbDefinitionsTES3.pas"/>
        <DCCReference Include="..\lib\xedit\wbDefinitionsTES4.pas"/>
        <DCCReference Include="..\lib\xedit\wbDefinitionsTES5.pas"/>
        <DCCReference Include="..\lib\xedit\wbHelpers.pas"/>
        <DCCReference Include="..\lib\xedit\wbImplementation.pas"/>
        <DCCReference Include="..\lib\xedit\wbInterface.pas"/>
        <DCCReference Include="..\lib\xedit\wbLocalization.pas"/>
        <DCCReference Include="..\lib\xedit\wbSort.pas"/>
        <DCCReference Include="..\lib\xedit\wbStreams.pas"/>
        <DCCReference Include="msConfiguration.pas"/>
        <DCCReference Include="msCore.pas"/>
        <DCCReference Include="msLoader.pas"/>
        <DCCReference Include="msConflict.pas"/>
        <DCCReference Include="msChoicePanel.pas"/>
        <DCCReference Include="msSmash.pas"/>
        <DCCReference Include="msAlgorithm.pas"/>
        <DCCReference Include="msProfileForm.pas">
            <Form>ProfileForm</Form>
        </DCCReference>
        <DCCReference Include="msProfilePanel.pas"/>
        <DCCReference Include="msSmashForm.pas">
            <Form>SmashForm</Form>
        </DCCReference>
        <DCCReference Include="msThreads.pas"/>
        <DCCReference Include="msOptionsForm.pas">
            <Form>OptionsForm</Form>
        </DCCReference>
        <DCCReference Include="msSplashForm.pas">
            <Form>SplashForm</Form>
        </DCCReference>
        <DCCReference Include="msEditForm.pas">
            <Form>EditForm</Form>
        </DCCReference>
        <DCCReference Include="msSettingsManager.pas">
            <Form>SettingsManager</Form>
        </DCCReference>
        <DCCReference Include="msPluginSelectionForm.pas">
            <Form>MiniPluginSelectionForm</Form>
        </DCCReference>
        <DCCReference Include="msConflictForm.pas">
            <Form>ConflictForm</Form>
        </DCCReference>
        <DCCReference Include="msTagManager.pas">
            <Form>TagManager</Form>
        </DCCReference>
        <DCCReference Include="msTagHelper.pas">
            <Form>TagHelper</Form>
        </DCCReference>
        <BuildConfiguration Include="Debug">
            <Key>Cfg_2</Key>
            <CfgParent>Base</CfgParent>
        </BuildConfiguration>
        <BuildConfiguration Include="Base">
            <Key>Base</Key>
        </BuildConfiguration>
        <BuildConfiguration Include="Release">
            <Key>Cfg_1</Key>
            <CfgParent>Base</CfgParent>
        </BuildConfiguration>
    </ItemGroup>
    <ProjectExtensions>
        <Borland.Personality>Delphi.Personality.12</Borland.Personality>
        <Borland.ProjectType/>
        <BorlandProject>
            <Delphi.Personality>
                <Source>
                    <Source Name="MainSource">MatorSmash.dpr</Source>
                </Source>
                <Excluded_Packages>
                    <Excluded_Packages Name="$(BDSBIN)\DataExplorerDBXPluginEnt250.bpl">DBExpress Enterprise Data Explorer Integration</Excluded_Packages>
                    <Excluded_Packages Name="$(BDSBIN)\bcboffice2k250.bpl">Embarcadero C++Builder Office 2000 Servers Package</Excluded_Packages>
                    <Excluded_Packages Name="$(BDSBIN)\bcbofficexp250.bpl">Embarcadero C++Builder Office XP Servers Package</Excluded_Packages>
                    <Excluded_Packages Name="$(BDSBIN)\dcloffice2k250.bpl">Microsoft Office 2000 Sample Automation Server Wrapper Components</Excluded_Packages>
                    <Excluded_Packages Name="$(BDSBIN)\dclofficexp250.bpl">Microsoft Office XP Sample Automation Server Wrapper Components</Excluded_Packages>
                </Excluded_Packages>
            </Delphi.Personality>
            <Platforms>
                <Platform value="iOSDevice64">True</Platform>
                <Platform value="Linux64">True</Platform>
                <Platform value="Win32">True</Platform>
                <Platform value="Win64">False</Platform>
            </Platforms>
        </BorlandProject>
        <ProjectFileVersion>12</ProjectFileVersion>
    </ProjectExtensions>
    <Import Project="$(BDS)\Bin\CodeGear.Delphi.Targets" Condition="Exists('$(BDS)\Bin\CodeGear.Delphi.Targets')"/>
    <Import Project="$(APPDATA)\Embarcadero\$(BDSAPPDATABASEDIR)\$(PRODUCTVERSION)\UserTools.proj" Condition="Exists('$(APPDATA)\Embarcadero\$(BDSAPPDATABASEDIR)\$(PRODUCTVERSION)\UserTools.proj')"/>
</Project>
